
Microsoft Visual Studio Solution File, Format Version 12.00
# Visual Studio 14
VisualStudioVersion = 14.0.24720.0
MinimumVisualStudioVersion = 10.0.40219.1
Project("{FAE04EC0-301F-11D3-BF4B-00C04F79EFBC}") = "PMOWebsite", "PMOWebsite\PMOWebsite.csproj", "{8330DD05-7D18-4A11-BFC0-3D32668B0271}"
EndProject
Project("{FAE04EC0-301F-11D3-BF4B-00C04F79EFBC}") = "PMOWebsite.Tests", "PMOWebsite.Tests\PMOWebsite.Tests.csproj", "{36C6C141-F3F6-4F9B-B3AF-1EDA4B836552}"
EndProject
Global
	GlobalSection(SolutionConfigurationPlatforms) = preSolution
		Debug|Any CPU = Debug|Any CPU
		Release|Any CPU = Release|Any CPU
	EndGlobalSection
	GlobalSection(ProjectConfigurationPlatforms) = postSolution
		{8330DD05-7D18-4A11-BFC0-3D32668B0271}.Debug|Any CPU.ActiveCfg = Debug|Any CPU
		{8330DD05-7D18-4A11-BFC0-3D32668B0271}.Debug|Any CPU.Build.0 = Debug|Any CPU
		{8330DD05-7D18-4A11-BFC0-3D32668B0271}.Release|Any CPU.ActiveCfg = Release|Any CPU
		{8330DD05-7D18-4A11-BFC0-3D32668B0271}.Release|Any CPU.Build.0 = Release|Any CPU
		{36C6C141-F3F6-4F9B-B3AF-1EDA4B836552}.Debug|Any CPU.ActiveCfg = Debug|Any CPU
		{36C6C141-F3F6-4F9B-B3AF-1EDA4B836552}.Debug|Any CPU.Build.0 = Debug|Any CPU
		{36C6C141-F3F6-4F9B-B3AF-1EDA4B836552}.Release|Any CPU.ActiveCfg = Release|Any CPU
		{36C6C141-F3F6-4F9B-B3AF-1EDA4B836552}.Release|Any CPU.Build.0 = Release|Any CPU
	EndGlobalSection
	GlobalSection(SolutionProperties) = preSolution
		HideSolutionNode = FALSE
	EndGlobalSection
EndGlobal
